[[package]]
name = "pcpp"
version = "1.30"
description = "A C99 preprocessor written in pure Python"
category = "main"
optional = false
python-versions = "*"

[metadata]
lock-version = "1.1"
python-versions = "^3.10"
content-hash = "584bfe84351a5416b8f553262136f15cdf01673615fef7181874702ca62d0498"

[metadata.files]
pcpp = [
    {file = "pcpp-1.30-py2.py3-none-any.whl", hash = "sha256:05fe08292b6da57f385001c891a87f40d6aa7f46787b03e8ba326d20a3297c6e"},
    {file = "pcpp-1.30.tar.gz", hash = "sha256:5af9fbce55f136d7931ae915fae03c34030a3b36c496e72d9636cedc8e2543a1"},
]
